
Microsoft Visual Studio Solution File, Format Version 12.00
# Visual Studio Version 17
VisualStudioVersion = 17.9.34701.34
MinimumVisualStudioVersion = 10.0.40219.1
Project("{9A19103F-16F7-4668-BE54-9A1E7A4F7556}") = "CocktailUI", "IntegProgramAssignment1.0\CocktailUI.csproj", "{FAB5D408-2B2B-4072-BE7D-4F9ACC4402A6}"
EndProject
Project("{9A19103F-16F7-4668-BE54-9A1E7A4F7556}") = "CocktailBusinessLayer", "CocktailBusinessLayer\CocktailBusinessLayer.csproj", "{5526EEAB-4C78-4405-88DF-73BF34CA6F6E}"
	ProjectSection(ProjectDependencies) = postProject
		{75395585-AECA-47D2-9C5B-3BE7903DDD61} = {75395585-AECA-47D2-9C5B-3BE7903DDD61}
	EndProjectSection
EndProject
Project("{9A19103F-16F7-4668-BE54-9A1E7A4F7556}") = "CocktailDataLayer", "CocktailDataLayer\CocktailDataLayer.csproj", "{75395585-AECA-47D2-9C5B-3BE7903DDD61}"
EndProject
Project("{9A19103F-16F7-4668-BE54-9A1E7A4F7556}") = "CocktailModel", "CocktailModel\CocktailModel.csproj", "{1D1969F5-0571-4994-8764-65D8234276DF}"
EndProject
Global
	GlobalSection(SolutionConfigurationPlatforms) = preSolution
		Debug|Any CPU = Debug|Any CPU
		Release|Any CPU = Release|Any CPU
	EndGlobalSection
	GlobalSection(ProjectConfigurationPlatforms) = postSolution
		{FAB5D408-2B2B-4072-BE7D-4F9ACC4402A6}.Debug|Any CPU.ActiveCfg = Debug|Any CPU
		{FAB5D408-2B2B-4072-BE7D-4F9ACC4402A6}.Debug|Any CPU.Build.0 = Debug|Any CPU
		{FAB5D408-2B2B-4072-BE7D-4F9ACC4402A6}.Release|Any CPU.ActiveCfg = Release|Any CPU
		{FAB5D408-2B2B-4072-BE7D-4F9ACC4402A6}.Release|Any CPU.Build.0 = Release|Any CPU
		{5526EEAB-4C78-4405-88DF-73BF34CA6F6E}.Debug|Any CPU.ActiveCfg = Debug|Any CPU
		{5526EEAB-4C78-4405-88DF-73BF34CA6F6E}.Debug|Any CPU.Build.0 = Debug|Any CPU
		{5526EEAB-4C78-4405-88DF-73BF34CA6F6E}.Release|Any CPU.ActiveCfg = Release|Any CPU
		{5526EEAB-4C78-4405-88DF-73BF34CA6F6E}.Release|Any CPU.Build.0 = Release|Any CPU
		{75395585-AECA-47D2-9C5B-3BE7903DDD61}.Debug|Any CPU.ActiveCfg = Debug|Any CPU
		{75395585-AECA-47D2-9C5B-3BE7903DDD61}.Debug|Any CPU.Build.0 = Debug|Any CPU
		{75395585-AECA-47D2-9C5B-3BE7903DDD61}.Release|Any CPU.ActiveCfg = Release|Any CPU
		{75395585-AECA-47D2-9C5B-3BE7903DDD61}.Release|Any CPU.Build.0 = Release|Any CPU
		{1D1969F5-0571-4994-8764-65D8234276DF}.Debug|Any CPU.ActiveCfg = Debug|Any CPU
		{1D1969F5-0571-4994-8764-65D8234276DF}.Debug|Any CPU.Build.0 = Debug|Any CPU
		{1D1969F5-0571-4994-8764-65D8234276DF}.Release|Any CPU.ActiveCfg = Release|Any CPU
		{1D1969F5-0571-4994-8764-65D8234276DF}.Release|Any CPU.Build.0 = Release|Any CPU
	EndGlobalSection
	GlobalSection(SolutionProperties) = preSolution
		HideSolutionNode = FALSE
	EndGlobalSection
	GlobalSection(ExtensibilityGlobals) = postSolution
		SolutionGuid = {1D314C16-1653-4F24-B7F9-31DD1AD86AB1}
	EndGlobalSection
EndGlobal
